
Microsoft Visual Studio Solution File, Format Version 12.00
# Visual Studio Version 17
VisualStudioVersion = 17.0.31903.59
MinimumVisualStudioVersion = 10.0.40219.1
Project("{2150E333-8FDC-42A3-9474-1A3956D46DE8}") = "src", "src", "{827E0CD3-B72D-47B6-A68D-7590B98EB39B}"
EndProject
Project("{FAE04EC0-301F-11D3-BF4B-00C04F79EFBC}") = "Morobot.Domain", "src\Morobot.Domain\Morobot.Domain.csproj", "{D599696F-1C6B-43F6-A3E6-D1DE39A44FE0}"
EndProject
Project("{FAE04EC0-301F-11D3-BF4B-00C04F79EFBC}") = "Morobot.Contracts", "src\Morobot.Contracts\Morobot.Contracts.csproj", "{AB4BD1E3-E70E-482D-BB30-784C02D6ACC7}"
EndProject
Project("{FAE04EC0-301F-11D3-BF4B-00C04F79EFBC}") = "Morobot.Infrastructure", "src\Morobot.Infrastructure\Morobot.Infrastructure.csproj", "{5230E822-972E-43B5-B54D-066F9AD32A65}"
EndProject
Project("{FAE04EC0-301F-11D3-BF4B-00C04F79EFBC}") = "Morobot.Web", "src\Morobot.Web\Morobot.Web.csproj", "{133AFF13-ABD7-4554-82B0-A7F88350D079}"
EndProject
Project("{FAE04EC0-301F-11D3-BF4B-00C04F79EFBC}") = "Morobot.Licensing", "src\Morobot.Licensing\Morobot.Licensing.csproj", "{EC360FD8-AED3-46DB-82E8-5CA6A80FE99E}"
EndProject
Project("{FAE04EC0-301F-11D3-BF4B-00C04F79EFBC}") = "Morobot.LicenseTool", "src\Morobot.LicenseTool\Morobot.LicenseTool.csproj", "{FAF27F7C-1FE4-4963-8DDA-F1EE8E8BB1CC}"
EndProject
Project("{FAE04EC0-301F-11D3-BF4B-00C04F79EFBC}") = "Morobot.VendorStudio", "src\Morobot.VendorStudio\Morobot.VendorStudio.csproj", "{ED0A2647-BE4A-4345-B808-77576CC86B05}"
EndProject
Project("{2150E333-8FDC-42A3-9474-1A3956D46DE8}") = "_run", "_run", "{BC7B33C1-9C1B-EE82-9AAA-111D342E2D85}"
EndProject
Project("{FAE04EC0-301F-11D3-BF4B-00C04F79EFBC}") = "hostile-license", "_run\hostile-license\hostile-license.csproj", "{5D07D459-D742-444C-BDC8-445DDB6A11C7}"
EndProject
Global
	GlobalSection(SolutionConfigurationPlatforms) = preSolution
		Debug|Any CPU = Debug|Any CPU
		Debug|x64 = Debug|x64
		Debug|x86 = Debug|x86
		Release|Any CPU = Release|Any CPU
		Release|x64 = Release|x64
		Release|x86 = Release|x86
	EndGlobalSection
	GlobalSection(ProjectConfigurationPlatforms) = postSolution
		{D599696F-1C6B-43F6-A3E6-D1DE39A44FE0}.Debug|Any CPU.ActiveCfg = Debug|Any CPU
		{D599696F-1C6B-43F6-A3E6-D1DE39A44FE0}.Debug|Any CPU.Build.0 = Debug|Any CPU
		{D599696F-1C6B-43F6-A3E6-D1DE39A44FE0}.Debug|x64.ActiveCfg = Debug|Any CPU
		{D599696F-1C6B-43F6-A3E6-D1DE39A44FE0}.Debug|x64.Build.0 = Debug|Any CPU
		{D599696F-1C6B-43F6-A3E6-D1DE39A44FE0}.Debug|x86.ActiveCfg = Debug|Any CPU
		{D599696F-1C6B-43F6-A3E6-D1DE39A44FE0}.Debug|x86.Build.0 = Debug|Any CPU
		{D599696F-1C6B-43F6-A3E6-D1DE39A44FE0}.Release|Any CPU.ActiveCfg = Release|Any CPU
		{D599696F-1C6B-43F6-A3E6-D1DE39A44FE0}.Release|Any CPU.Build.0 = Release|Any CPU
		{D599696F-1C6B-43F6-A3E6-D1DE39A44FE0}.Release|x64.ActiveCfg = Release|Any CPU
		{D599696F-1C6B-43F6-A3E6-D1DE39A44FE0}.Release|x64.Build.0 = Release|Any CPU
		{D599696F-1C6B-43F6-A3E6-D1DE39A44FE0}.Release|x86.ActiveCfg = Release|Any CPU
		{D599696F-1C6B-43F6-A3E6-D1DE39A44FE0}.Release|x86.Build.0 = Release|Any CPU
		{AB4BD1E3-E70E-482D-BB30-784C02D6ACC7}.Debug|Any CPU.ActiveCfg = Debug|Any CPU
		{AB4BD1E3-E70E-482D-BB30-784C02D6ACC7}.Debug|Any CPU.Build.0 = Debug|Any CPU
		{AB4BD1E3-E70E-482D-BB30-784C02D6ACC7}.Debug|x64.ActiveCfg = Debug|Any CPU
		{AB4BD1E3-E70E-482D-BB30-784C02D6ACC7}.Debug|x64.Build.0 = Debug|Any CPU
		{AB4BD1E3-E70E-482D-BB30-784C02D6ACC7}.Debug|x86.ActiveCfg = Debug|Any CPU
		{AB4BD1E3-E70E-482D-BB30-784C02D6ACC7}.Debug|x86.Build.0 = Debug|Any CPU
		{AB4BD1E3-E70E-482D-BB30-784C02D6ACC7}.Release|Any CPU.ActiveCfg = Release|Any CPU
		{AB4BD1E3-E70E-482D-BB30-784C02D6ACC7}.Release|Any CPU.Build.0 = Release|Any CPU
		{AB4BD1E3-E70E-482D-BB30-784C02D6ACC7}.Release|x64.ActiveCfg = Release|Any CPU
		{AB4BD1E3-E70E-482D-BB30-784C02D6ACC7}.Release|x64.Build.0 = Release|Any CPU
		{AB4BD1E3-E70E-482D-BB30-784C02D6ACC7}.Release|x86.ActiveCfg = Release|Any CPU
		{AB4BD1E3-E70E-482D-BB30-784C02D6ACC7}.Release|x86.Build.0 = Release|Any CPU
		{5230E822-972E-43B5-B54D-066F9AD32A65}.Debug|Any CPU.ActiveCfg = Debug|Any CPU
		{5230E822-972E-43B5-B54D-066F9AD32A65}.Debug|Any CPU.Build.0 = Debug|Any CPU
		{5230E822-972E-43B5-B54D-066F9AD32A65}.Debug|x64.ActiveCfg = Debug|Any CPU
		{5230E822-972E-43B5-B54D-066F9AD32A65}.Debug|x64.Build.0 = Debug|Any CPU
		{5230E822-972E-43B5-B54D-066F9AD32A65}.Debug|x86.ActiveCfg = Debug|Any CPU
		{5230E822-972E-43B5-B54D-066F9AD32A65}.Debug|x86.Build.0 = Debug|Any CPU
		{5230E822-972E-43B5-B54D-066F9AD32A65}.Release|Any CPU.ActiveCfg = Release|Any CPU
		{5230E822-972E-43B5-B54D-066F9AD32A65}.Release|Any CPU.Build.0 = Release|Any CPU
		{5230E822-972E-43B5-B54D-066F9AD32A65}.Release|x64.ActiveCfg = Release|Any CPU
		{5230E822-972E-43B5-B54D-066F9AD32A65}.Release|x64.Build.0 = Release|Any CPU
		{5230E822-972E-43B5-B54D-066F9AD32A65}.Release|x86.ActiveCfg = Release|Any CPU
		{5230E822-972E-43B5-B54D-066F9AD32A65}.Release|x86.Build.0 = Release|Any CPU
		{133AFF13-ABD7-4554-82B0-A7F88350D079}.Debug|Any CPU.ActiveCfg = Debug|Any CPU
		{133AFF13-ABD7-4554-82B0-A7F88350D079}.Debug|Any CPU.Build.0 = Debug|Any CPU
		{133AFF13-ABD7-4554-82B0-A7F88350D079}.Debug|x64.ActiveCfg = Debug|Any CPU
		{133AFF13-ABD7-4554-82B0-A7F88350D079}.Debug|x64.Build.0 = Debug|Any CPU
		{133AFF13-ABD7-4554-82B0-A7F88350D079}.Debug|x86.ActiveCfg = Debug|Any CPU
		{133AFF13-ABD7-4554-82B0-A7F88350D079}.Debug|x86.Build.0 = Debug|Any CPU
		{133AFF13-ABD7-4554-82B0-A7F88350D079}.Release|Any CPU.ActiveCfg = Release|Any CPU
		{133AFF13-ABD7-4554-82B0-A7F88350D079}.Release|Any CPU.Build.0 = Release|Any CPU
		{133AFF13-ABD7-4554-82B0-A7F88350D079}.Release|x64.ActiveCfg = Release|Any CPU
		{133AFF13-ABD7-4554-82B0-A7F88350D079}.Release|x64.Build.0 = Release|Any CPU
		{133AFF13-ABD7-4554-82B0-A7F88350D079}.Release|x86.ActiveCfg = Release|Any CPU
		{133AFF13-ABD7-4554-82B0-A7F88350D079}.Release|x86.Build.0 = Release|Any CPU
		{EC360FD8-AED3-46DB-82E8-5CA6A80FE99E}.Debug|Any CPU.ActiveCfg = Debug|Any CPU
		{EC360FD8-AED3-46DB-82E8-5CA6A80FE99E}.Debug|Any CPU.Build.0 = Debug|Any CPU
		{EC360FD8-AED3-46DB-82E8-5CA6A80FE99E}.Debug|x64.ActiveCfg = Debug|Any CPU
		{EC360FD8-AED3-46DB-82E8-5CA6A80FE99E}.Debug|x64.Build.0 = Debug|Any CPU
		{EC360FD8-AED3-46DB-82E8-5CA6A80FE99E}.Debug|x86.ActiveCfg = Debug|Any CPU
		{EC360FD8-AED3-46DB-82E8-5CA6A80FE99E}.Debug|x86.Build.0 = Debug|Any CPU
		{EC360FD8-AED3-46DB-82E8-5CA6A80FE99E}.Release|Any CPU.ActiveCfg = Release|Any CPU
		{EC360FD8-AED3-46DB-82E8-5CA6A80FE99E}.Release|Any CPU.Build.0 = Release|Any CPU
		{EC360FD8-AED3-46DB-82E8-5CA6A80FE99E}.Release|x64.ActiveCfg = Release|Any CPU
		{EC360FD8-AED3-46DB-82E8-5CA6A80FE99E}.Release|x64.Build.0 = Release|Any CPU
		{EC360FD8-AED3-46DB-82E8-5CA6A80FE99E}.Release|x86.ActiveCfg = Release|Any CPU
		{EC360FD8-AED3-46DB-82E8-5CA6A80FE99E}.Release|x86.Build.0 = Release|Any CPU
		{FAF27F7C-1FE4-4963-8DDA-F1EE8E8BB1CC}.Debug|Any CPU.ActiveCfg = Debug|Any CPU
		{FAF27F7C-1FE4-4963-8DDA-F1EE8E8BB1CC}.Debug|Any CPU.Build.0 = Debug|Any CPU
		{FAF27F7C-1FE4-4963-8DDA-F1EE8E8BB1CC}.Debug|x64.ActiveCfg = Debug|Any CPU
		{FAF27F7C-1FE4-4963-8DDA-F1EE8E8BB1CC}.Debug|x64.Build.0 = Debug|Any CPU
		{FAF27F7C-1FE4-4963-8DDA-F1EE8E8BB1CC}.Debug|x86.ActiveCfg = Debug|Any CPU
		{FAF27F7C-1FE4-4963-8DDA-F1EE8E8BB1CC}.Debug|x86.Build.0 = Debug|Any CPU
		{FAF27F7C-1FE4-4963-8DDA-F1EE8E8BB1CC}.Release|Any CPU.ActiveCfg = Release|Any CPU
		{FAF27F7C-1FE4-4963-8DDA-F1EE8E8BB1CC}.Release|Any CPU.Build.0 = Release|Any CPU
		{FAF27F7C-1FE4-4963-8DDA-F1EE8E8BB1CC}.Release|x64.ActiveCfg = Release|Any CPU
		{FAF27F7C-1FE4-4963-8DDA-F1EE8E8BB1CC}.Release|x64.Build.0 = Release|Any CPU
		{FAF27F7C-1FE4-4963-8DDA-F1EE8E8BB1CC}.Release|x86.ActiveCfg = Release|Any CPU
		{FAF27F7C-1FE4-4963-8DDA-F1EE8E8BB1CC}.Release|x86.Build.0 = Release|Any CPU
		{ED0A2647-BE4A-4345-B808-77576CC86B05}.Debug|Any CPU.ActiveCfg = Debug|Any CPU
		{ED0A2647-BE4A-4345-B808-77576CC86B05}.Debug|Any CPU.Build.0 = Debug|Any CPU
		{ED0A2647-BE4A-4345-B808-77576CC86B05}.Debug|x64.ActiveCfg = Debug|Any CPU
		{ED0A2647-BE4A-4345-B808-77576CC86B05}.Debug|x64.Build.0 = Debug|Any CPU
		{ED0A2647-BE4A-4345-B808-77576CC86B05}.Debug|x86.ActiveCfg = Debug|Any CPU
		{ED0A2647-BE4A-4345-B808-77576CC86B05}.Debug|x86.Build.0 = Debug|Any CPU
		{ED0A2647-BE4A-4345-B808-77576CC86B05}.Release|Any CPU.ActiveCfg = Release|Any CPU
		{ED0A2647-BE4A-4345-B808-77576CC86B05}.Release|Any CPU.Build.0 = Release|Any CPU
		{ED0A2647-BE4A-4345-B808-77576CC86B05}.Release|x64.ActiveCfg = Release|Any CPU
		{ED0A2647-BE4A-4345-B808-77576CC86B05}.Release|x64.Build.0 = Release|Any CPU
		{ED0A2647-BE4A-4345-B808-77576CC86B05}.Release|x86.ActiveCfg = Release|Any CPU
		{ED0A2647-BE4A-4345-B808-77576CC86B05}.Release|x86.Build.0 = Release|Any CPU
		{5D07D459-D742-444C-BDC8-445DDB6A11C7}.Debug|Any CPU.ActiveCfg = Debug|Any CPU
		{5D07D459-D742-444C-BDC8-445DDB6A11C7}.Debug|Any CPU.Build.0 = Debug|Any CPU
		{5D07D459-D742-444C-BDC8-445DDB6A11C7}.Debug|x64.ActiveCfg = Debug|Any CPU
		{5D07D459-D742-444C-BDC8-445DDB6A11C7}.Debug|x64.Build.0 = Debug|Any CPU
		{5D07D459-D742-444C-BDC8-445DDB6A11C7}.Debug|x86.ActiveCfg = Debug|Any CPU
		{5D07D459-D742-444C-BDC8-445DDB6A11C7}.Debug|x86.Build.0 = Debug|Any CPU
		{5D07D459-D742-444C-BDC8-445DDB6A11C7}.Release|Any CPU.ActiveCfg = Release|Any CPU
		{5D07D459-D742-444C-BDC8-445DDB6A11C7}.Release|Any CPU.Build.0 = Release|Any CPU
		{5D07D459-D742-444C-BDC8-445DDB6A11C7}.Release|x64.ActiveCfg = Release|Any CPU
		{5D07D459-D742-444C-BDC8-445DDB6A11C7}.Release|x64.Build.0 = Release|Any CPU
		{5D07D459-D742-444C-BDC8-445DDB6A11C7}.Release|x86.ActiveCfg = Release|Any CPU
		{5D07D459-D742-444C-BDC8-445DDB6A11C7}.Release|x86.Build.0 = Release|Any CPU
	EndGlobalSection
	GlobalSection(SolutionProperties) = preSolution
		HideSolutionNode = FALSE
	EndGlobalSection
	GlobalSection(NestedProjects) = preSolution
		{D599696F-1C6B-43F6-A3E6-D1DE39A44FE0} = {827E0CD3-B72D-47B6-A68D-7590B98EB39B}
		{AB4BD1E3-E70E-482D-BB30-784C02D6ACC7} = {827E0CD3-B72D-47B6-A68D-7590B98EB39B}
		{5230E822-972E-43B5-B54D-066F9AD32A65} = {827E0CD3-B72D-47B6-A68D-7590B98EB39B}
		{133AFF13-ABD7-4554-82B0-A7F88350D079} = {827E0CD3-B72D-47B6-A68D-7590B98EB39B}
		{EC360FD8-AED3-46DB-82E8-5CA6A80FE99E} = {827E0CD3-B72D-47B6-A68D-7590B98EB39B}
		{FAF27F7C-1FE4-4963-8DDA-F1EE8E8BB1CC} = {827E0CD3-B72D-47B6-A68D-7590B98EB39B}
		{ED0A2647-BE4A-4345-B808-77576CC86B05} = {827E0CD3-B72D-47B6-A68D-7590B98EB39B}
		{5D07D459-D742-444C-BDC8-445DDB6A11C7} = {BC7B33C1-9C1B-EE82-9AAA-111D342E2D85}
	EndGlobalSection
EndGlobal
